{
  "name": "ZAVRSNI",
  "lockfileVersion": 3,
  "requires": true,
  "packages": {
    "": {
      "dependencies": {
        "dotenv": "^16.4.5",
        "llamaai": "^1.0.4"
      }
    },
    "node_modules/dotenv": {
      "version": "16.4.5",
      "resolved": "https://registry.npmjs.org/dotenv/-/dotenv-16.4.5.tgz",
      "integrity": "sha512-ZmdL2rui+eB2YwhsWzjInR8LldtZHGDoQ1ugH85ppHKwpUHL7j7rN0Ti9NCnGiQbhaZ11FpR+7ao1dNsmduNUg==",
      "engines": {
        "node": ">=12"
      },
      "funding": {
        "url": "https://dotenvx.com"
      }
    },
    "node_modules/llamaai": {
      "version": "1.0.4",
      "resolved": "https://registry.npmjs.org/llamaai/-/llamaai-1.0.4.tgz",
      "integrity": "sha512-Y54Yn1EkLIVKn2kCUbU9kqGX/vhBh0Swan2tu4os8xuy88axOr3h6UKJiI0H2kfY3P/DVVmKuNTdmzLoW90CJA=="
    }
  }
}
